<Solution>
  <Configurations>
    <Platform Name="x64" />
    <Platform Name="x86" />
  </Configurations>
  <Project Path="Project1/Project1.vcxproj" Id="72d9855c-2e15-4723-937c-46072fa7ab26" />
  <Project Path="Project2/Project2.vcxproj" Id="65948baf-66f3-43c6-a40e-6c1e87b2dc0e" />
  <Project Path="Project3/Project3.vcxproj" Id="95ab4126-433c-4898-bbee-e7f9cddbd1ce" />
  <Project Path="Project4/Project4.vcxproj" Id="bf4b75db-758a-44a2-95c5-fafa62abfedf" />
</Solution>
